name: phaser4-spike-lock

on:
  push:
    branches: [spike/phaser4-renderer-v0]

permissions:
  contents: write

jobs:
  regenerate-lock:
    if: github.actor != 'github-actions[bot]'
    runs-on: ubuntu-latest
    steps:
      - uses: actions/checkout@v4
      - uses: pnpm/action-setup@v4
        with:
          version: 10.34.5
          run_install: false
      - uses: actions/setup-node@v4
        with:
          node-version: 22
          cache: pnpm
      - run: pnpm install --lockfile-only
      - name: Commit regenerated lockfile
        run: |
          git config user.name "github-actions[bot]"
          git config user.email "41898282+github-actions[bot]@users.noreply.github.com"
          git add pnpm-lock.yaml
          if git diff --cached --quiet; then
            echo "lockfile already current"
            exit 0
          fi
          git commit -m "spike: regenerate lockfile for Phaser 4.2.1"
          git push
